
Microsoft Visual Studio Solution File, Format Version 12.00
# Visual Studio Version 17
VisualStudioVersion = 17.14.36518.9
MinimumVisualStudioVersion = 10.0.40219.1
Project("{FAE04EC0-301F-11D3-BF4B-00C04F79EFBC}") = "HouseUtils.Domain", "HouseUtils.Domain\HouseUtils.Domain.csproj", "{D021FACC-CAB6-4A9D-A797-CBFF87ABA6C0}"
EndProject
Project("{FAE04EC0-301F-11D3-BF4B-00C04F79EFBC}") = "HouseUtils.Infrastructure", "HouseUtils.Infrastructure\HouseUtils.Infrastructure.csproj", "{535FC4BA-3C2F-439F-A4F3-05D7E439FFA3}"
EndProject
Project("{2150E333-8FDC-42A3-9474-1A3956D46DE8}") = "Solution Items", "Solution Items", "{02EA681E-C7D8-13C7-8484-4AC65E1B71E8}"
	ProjectSection(SolutionItems) = preProject
		.editorconfig = .editorconfig
		Directory.Build.props = Directory.Build.props
		Directory.Packages.props = Directory.Packages.props
	EndProjectSection
EndProject
Project("{FAE04EC0-301F-11D3-BF4B-00C04F79EFBC}") = "HouseUtils.Application", "HouseUtils.Application\HouseUtils.Application.csproj", "{7CA22326-2901-4B1F-8410-A8CDAB3CF400}"
EndProject
Project("{FAE04EC0-301F-11D3-BF4B-00C04F79EFBC}") = "HouseUtils.Shared", "HouseUtils.Shared\HouseUtils.Shared.csproj", "{6EA8D8A4-2C17-4DE2-81FE-DF0CE6D8B401}"
EndProject
Project("{FAE04EC0-301F-11D3-BF4B-00C04F79EFBC}") = "HouseUtils.Presentation", "HouseUtils.Presentation\HouseUtils.Presentation.csproj", "{3800191E-0FDF-9A69-030E-683E1ECD1ACF}"
EndProject
Global
	GlobalSection(SolutionConfigurationPlatforms) = preSolution
		Debug|Any CPU = Debug|Any CPU
		Release|Any CPU = Release|Any CPU
	EndGlobalSection
	GlobalSection(ProjectConfigurationPlatforms) = postSolution
		{D021FACC-CAB6-4A9D-A797-CBFF87ABA6C0}.Debug|Any CPU.ActiveCfg = Debug|Any CPU
		{D021FACC-CAB6-4A9D-A797-CBFF87ABA6C0}.Debug|Any CPU.Build.0 = Debug|Any CPU
		{D021FACC-CAB6-4A9D-A797-CBFF87ABA6C0}.Release|Any CPU.ActiveCfg = Release|Any CPU
		{D021FACC-CAB6-4A9D-A797-CBFF87ABA6C0}.Release|Any CPU.Build.0 = Release|Any CPU
		{535FC4BA-3C2F-439F-A4F3-05D7E439FFA3}.Debug|Any CPU.ActiveCfg = Debug|Any CPU
		{535FC4BA-3C2F-439F-A4F3-05D7E439FFA3}.Debug|Any CPU.Build.0 = Debug|Any CPU
		{535FC4BA-3C2F-439F-A4F3-05D7E439FFA3}.Release|Any CPU.ActiveCfg = Release|Any CPU
		{535FC4BA-3C2F-439F-A4F3-05D7E439FFA3}.Release|Any CPU.Build.0 = Release|Any CPU
		{7CA22326-2901-4B1F-8410-A8CDAB3CF400}.Debug|Any CPU.ActiveCfg = Debug|Any CPU
		{7CA22326-2901-4B1F-8410-A8CDAB3CF400}.Debug|Any CPU.Build.0 = Debug|Any CPU
		{7CA22326-2901-4B1F-8410-A8CDAB3CF400}.Release|Any CPU.ActiveCfg = Release|Any CPU
		{7CA22326-2901-4B1F-8410-A8CDAB3CF400}.Release|Any CPU.Build.0 = Release|Any CPU
		{6EA8D8A4-2C17-4DE2-81FE-DF0CE6D8B401}.Debug|Any CPU.ActiveCfg = Debug|Any CPU
		{6EA8D8A4-2C17-4DE2-81FE-DF0CE6D8B401}.Debug|Any CPU.Build.0 = Debug|Any CPU
		{6EA8D8A4-2C17-4DE2-81FE-DF0CE6D8B401}.Release|Any CPU.ActiveCfg = Release|Any CPU
		{6EA8D8A4-2C17-4DE2-81FE-DF0CE6D8B401}.Release|Any CPU.Build.0 = Release|Any CPU
		{3800191E-0FDF-9A69-030E-683E1ECD1ACF}.Debug|Any CPU.ActiveCfg = Debug|Any CPU
		{3800191E-0FDF-9A69-030E-683E1ECD1ACF}.Debug|Any CPU.Build.0 = Debug|Any CPU
		{3800191E-0FDF-9A69-030E-683E1ECD1ACF}.Release|Any CPU.ActiveCfg = Release|Any CPU
		{3800191E-0FDF-9A69-030E-683E1ECD1ACF}.Release|Any CPU.Build.0 = Release|Any CPU
	EndGlobalSection
	GlobalSection(SolutionProperties) = preSolution
		HideSolutionNode = FALSE
	EndGlobalSection
	GlobalSection(ExtensibilityGlobals) = postSolution
		SolutionGuid = {5C2650EB-D835-4899-A8F1-8FDCC52D41FF}
	EndGlobalSection
EndGlobal
